// !$*UTF8*$!
{
	archiveVersion = 1;
	classes = {
	};
	objectVersion = 48;
	objects = {

/* Begin PBXBuildFile section */
		310475EF207A9BED00AB45F1 /* SignUp.storyboard in Resources */ = {isa = PBXBuildFile; fileRef = 310475EE207A9BED00AB45F1 /* SignUp.storyboard */; };
		310C02EA20AB7D92002B4C4B /* BrandInfoCollectionViewCell.swift in Sources */ = {isa = PBXBuildFile; fileRef = 310C02E920AB7D92002B4C4B /* BrandInfoCollectionViewCell.swift */; };
		310C02EC20ACAC92002B4C4B /* LinksTableViewController.swift in Sources */ = {isa = PBXBuildFile; fileRef = 310C02EB20ACAC92002B4C4B /* LinksTableViewController.swift */; };
		31153DBA1FD0BCB000B8B894 /* Ambasity_V1.xcdatamodeld in Sources */ = {isa = PBXBuildFile; fileRef = 31153DB81FD0BCB000B8B894 /* Ambasity_V1.xcdatamodeld */; };
		3116EA1E1FEB2D50001902B7 /* ProfileViewController.swift in Sources */ = {isa = PBXBuildFile; fileRef = 3116EA1D1FEB2D50001902B7 /* ProfileViewController.swift */; };
		311A959920843B1800DB3C53 /* SupportViewController.swift in Sources */ = {isa = PBXBuildFile; fileRef = 311A959820843B1800DB3C53 /* SupportViewController.swift */; };
		31363B7C20838DAB0094D03D /* SettingsTableViewController.swift in Sources */ = {isa = PBXBuildFile; fileRef = 31363B7B20838DAB0094D03D /* SettingsTableViewController.swift */; };
		31363B7E208395B00094D03D /* GeneralSettingsTableViewCell.swift in Sources */ = {isa = PBXBuildFile; fileRef = 31363B7D208395B00094D03D /* GeneralSettingsTableViewCell.swift */; };
		31363B802083A2460094D03D /* AccountSettingsTableViewCell.swift in Sources */ = {isa = PBXBuildFile; fileRef = 31363B7F2083A2460094D03D /* AccountSettingsTableViewCell.swift */; };
		31363B822083AD140094D03D /* ProfileSettingsTableViewCell.swift in Sources */ = {isa = PBXBuildFile; fileRef = 31363B812083AD140094D03D /* ProfileSettingsTableViewCell.swift */; };
		313FF7EB206D9DE10065CDC6 /* Settings.storyboard in Resources */ = {isa = PBXBuildFile; fileRef = 313FF7EA206D9DE10065CDC6 /* Settings.storyboard */; };
		314C3D8620609E8A00304133 /* MainFeedTableViewCell.swift in Sources */ = {isa = PBXBuildFile; fileRef = 314C3D8520609E8A00304133 /* MainFeedTableViewCell.swift */; };
		314C3D8A2067186F00304133 /* Support.storyboard in Resources */ = {isa = PBXBuildFile; fileRef = 314C3D892067186F00304133 /* Support.storyboard */; };
		314C3D8E2067DB6000304133 /* PreOnboarding.storyboard in Resources */ = {isa = PBXBuildFile; fileRef = 314C3D8D2067DB6000304133 /* PreOnboarding.storyboard */; };
		314C3D902067DFE200304133 /* PreOnboardingViewController.swift in Sources */ = {isa = PBXBuildFile; fileRef = 314C3D8F2067DFE200304133 /* PreOnboardingViewController.swift */; };
		314C3D922068028200304133 /* Onboarding.storyboard in Resources */ = {isa = PBXBuildFile; fileRef = 314C3D912068028200304133 /* Onboarding.storyboard */; };
		314E51BE2093AFDF0079AC07 /* PaymentViewController.swift in Sources */ = {isa = PBXBuildFile; fileRef = 314E51BD2093AFDF0079AC07 /* PaymentViewController.swift */; };
		3151C9C82082952600AD4BB8 /* SignUpViewController.swift in Sources */ = {isa = PBXBuildFile; fileRef = 3151C9C72082952600AD4BB8 /* SignUpViewController.swift */; };
		315909201FBE3C6900474A1D /* AppDelegate.swift in Sources */ = {isa = PBXBuildFile; fileRef = 3159091F1FBE3C6900474A1D /* AppDelegate.swift */; };
		315909221FBE3C6900474A1D /* ViewController.swift in Sources */ = {isa = PBXBuildFile; fileRef = 315909211FBE3C6900474A1D /* ViewController.swift */; };
		315909251FBE3C6900474A1D /* Main.storyboard in Resources */ = {isa = PBXBuildFile; fileRef = 315909231FBE3C6900474A1D /* Main.storyboard */; };
		315909271FBE3C6900474A1D /* Assets.xcassets in Resources */ = {isa = PBXBuildFile; fileRef = 315909261FBE3C6900474A1D /* Assets.xcassets */; };
		3159092A1FBE3C6900474A1D /* LaunchScreen.storyboard in Resources */ = {isa = PBXBuildFile; fileRef = 315909281FBE3C6900474A1D /* LaunchScreen.storyboard */; };
		315909351FBE3C6900474A1D /* Ambasity_V1Tests.swift in Sources */ = {isa = PBXBuildFile; fileRef = 315909341FBE3C6900474A1D /* Ambasity_V1Tests.swift */; };
		315909401FBE3C6900474A1D /* Ambasity_V1UITests.swift in Sources */ = {isa = PBXBuildFile; fileRef = 3159093F1FBE3C6900474A1D /* Ambasity_V1UITests.swift */; };
		315B454F20A9FE6700DAD291 /* Extensions.swift in Sources */ = {isa = PBXBuildFile; fileRef = 315B454E20A9FE6700DAD291 /* Extensions.swift */; };
		315B455120AB2AC300DAD291 /* Models.swift in Sources */ = {isa = PBXBuildFile; fileRef = 315B455020AB2AC300DAD291 /* Models.swift */; };
		316A1709203A54EF005EBC64 /* SubmitButton.swift in Sources */ = {isa = PBXBuildFile; fileRef = 316A1708203A54EF005EBC64 /* SubmitButton.swift */; };
		316A170B203A57D4005EBC64 /* DesignableTextField.swift in Sources */ = {isa = PBXBuildFile; fileRef = 316A170A203A57D4005EBC64 /* DesignableTextField.swift */; };
		318185CE1FC08BA4007441FC /* LoginViewController.swift in Sources */ = {isa = PBXBuildFile; fileRef = 318185CD1FC08BA4007441FC /* LoginViewController.swift */; };
		3184AD5A202E93CB00EC7200 /* PasswordRecoveryViewController.swift in Sources */ = {isa = PBXBuildFile; fileRef = 3184AD59202E93CB00EC7200 /* PasswordRecoveryViewController.swift */; };
		3184ADBE202FB32400EC7200 /* LinksViewController.swift in Sources */ = {isa = PBXBuildFile; fileRef = 3184ADBD202FB32400EC7200 /* LinksViewController.swift */; };
		318E80CA207EDB1D00492CD1 /* SignUpCell.swift in Sources */ = {isa = PBXBuildFile; fileRef = 318E80C9207EDB1D00492CD1 /* SignUpCell.swift */; };
		318E80CC207F023E00492CD1 /* OnboardingCollectionViewController.swift in Sources */ = {isa = PBXBuildFile; fileRef = 318E80CB207F023E00492CD1 /* OnboardingCollectionViewController.swift */; };
		318E80CE207F036B00492CD1 /* OnboardingCell.swift in Sources */ = {isa = PBXBuildFile; fileRef = 318E80CD207F036B00492CD1 /* OnboardingCell.swift */; };
		31FF83EF1FCE3AFF0046DBFA /* BrandsViewController.swift in Sources */ = {isa = PBXBuildFile; fileRef = 31FF83EE1FCE3AFF0046DBFA /* BrandsViewController.swift */; };
		31FF83F11FCE3BB50046DBFA /* BrandInfoViewController.swift in Sources */ = {isa = PBXBuildFile; fileRef = 31FF83F01FCE3BB50046DBFA /* BrandInfoViewController.swift */; };
		8860219227BFFCA73AE80CE0 /* Pods_Ambasity_V1.framework in Frameworks */ = {isa = PBXBuildFile; fileRef = 2FFA4DB0DE1A767FD6E1ADD5 /* Pods_Ambasity_V1.framework */; };
/* End PBXBuildFile section */

/* Begin PBXContainerItemProxy section */
		315909311FBE3C6900474A1D /* PBXContainerItemProxy */ = {
			isa = PBXContainerItemProxy;
			containerPortal = 315909141FBE3C6900474A1D /* Project object */;
			proxyType = 1;
			remoteGlobalIDString = 3159091B1FBE3C6900474A1D;
			remoteInfo = "Ambasity V1";
		};
		3159093C1FBE3C6900474A1D /* PBXContainerItemProxy */ = {
			isa = PBXContainerItemProxy;
			containerPortal = 315909141FBE3C6900474A1D /* Project object */;
			proxyType = 1;
			remoteGlobalIDString = 3159091B1FBE3C6900474A1D;
			remoteInfo = "Ambasity V1";
		};
/* End PBXContainerItemProxy section */

/* Begin PBXFileReference section */
		2FFA4DB0DE1A767FD6E1ADD5 /* Pods_Ambasity_V1.framework */ = {isa = PBXFileReference; explicitFileType = wrapper.framework; includeInIndex = 0; path = Pods_Ambasity_V1.framework; sourceTree = BUILT_PRODUCTS_DIR; };
		310475EE207A9BED00AB45F1 /* SignUp.storyboard */ = {isa = PBXFileReference; lastKnownFileType = file.storyboard; path = SignUp.storyboard; sourceTree = "<group>"; };
		310C02E920AB7D92002B4C4B /* BrandInfoCollectionViewCell.swift */ = {isa = PBXFileReference; lastKnownFileType = sourcecode.swift; path = BrandInfoCollectionViewCell.swift; sourceTree = "<group>"; };
		310C02EB20ACAC92002B4C4B /* LinksTableViewController.swift */ = {isa = PBXFileReference; lastKnownFileType = sourcecode.swift; path = LinksTableViewController.swift; sourceTree = "<group>"; };
		31153DB91FD0BCB000B8B894 /* Ambasity_V1.xcdatamodel */ = {isa = PBXFileReference; lastKnownFileType = wrapper.xcdatamodel; path = Ambasity_V1.xcdatamodel; sourceTree = "<group>"; };
		3116EA1D1FEB2D50001902B7 /* ProfileViewController.swift */ = {isa = PBXFileReference; lastKnownFileType = sourcecode.swift; path = ProfileViewController.swift; sourceTree = "<group>"; };
		311A959820843B1800DB3C53 /* SupportViewController.swift */ = {isa = PBXFileReference; lastKnownFileType = sourcecode.swift; path = SupportViewController.swift; sourceTree = "<group>"; };
		31363B7B20838DAB0094D03D /* SettingsTableViewController.swift */ = {isa = PBXFileReference; lastKnownFileType = sourcecode.swift; path = SettingsTableViewController.swift; sourceTree = "<group>"; };
		31363B7D208395B00094D03D /* GeneralSettingsTableViewCell.swift */ = {isa = PBXFileReference; lastKnownFileType = sourcecode.swift; path = GeneralSettingsTableViewCell.swift; sourceTree = "<group>"; };
		31363B7F2083A2460094D03D /* AccountSettingsTableViewCell.swift */ = {isa = PBXFileReference; lastKnownFileType = sourcecode.swift; path = AccountSettingsTableViewCell.swift; sourceTree = "<group>"; };
		31363B812083AD140094D03D /* ProfileSettingsTableViewCell.swift */ = {isa = PBXFileReference; lastKnownFileType = sourcecode.swift; path = ProfileSettingsTableViewCell.swift; sourceTree = "<group>"; };
		313FF7EA206D9DE10065CDC6 /* Settings.storyboard */ = {isa = PBXFileReference; lastKnownFileType = file.storyboard; path = Settings.storyboard; sourceTree = "<group>"; };
		314C3D8520609E8A00304133 /* MainFeedTableViewCell.swift */ = {isa = PBXFileReference; lastKnownFileType = sourcecode.swift; path = MainFeedTableViewCell.swift; sourceTree = "<group>"; };
		314C3D892067186F00304133 /* Support.storyboard */ = {isa = PBXFileReference; lastKnownFileType = file.storyboard; path = Support.storyboard; sourceTree = "<group>"; };
		314C3D8D2067DB6000304133 /* PreOnboarding.storyboard */ = {isa = PBXFileReference; lastKnownFileType = file.storyboard; path = PreOnboarding.storyboard; sourceTree = "<group>"; };
		314C3D8F2067DFE200304133 /* PreOnboardingViewController.swift */ = {isa = PBXFileReference; lastKnownFileType = sourcecode.swift; path = PreOnboardingViewController.swift; sourceTree = "<group>"; };
		314C3D912068028200304133 /* Onboarding.storyboard */ = {isa = PBXFileReference; lastKnownFileType = file.storyboard; path = Onboarding.storyboard; sourceTree = "<group>"; };
		314E51BD2093AFDF0079AC07 /* PaymentViewController.swift */ = {isa = PBXFileReference; lastKnownFileType = sourcecode.swift; path = PaymentViewController.swift; sourceTree = "<group>"; };
		3151C9C72082952600AD4BB8 /* SignUpViewController.swift */ = {isa = PBXFileReference; lastKnownFileType = sourcecode.swift; path = SignUpViewController.swift; sourceTree = "<group>"; };
		3159091C1FBE3C6900474A1D /* Ambasity V1.app */ = {isa = PBXFileReference; explicitFileType = wrapper.application; includeInIndex = 0; path = "Ambasity V1.app"; sourceTree = BUILT_PRODUCTS_DIR; };
		3159091F1FBE3C6900474A1D /* AppDelegate.swift */ = {isa = PBXFileReference; lastKnownFileType = sourcecode.swift; path = AppDelegate.swift; sourceTree = "<group>"; };
		315909211FBE3C6900474A1D /* ViewController.swift */ = {isa = PBXFileReference; lastKnownFileType = sourcecode.swift; path = ViewController.swift; sourceTree = "<group>"; };
		315909241FBE3C6900474A1D /* Base */ = {isa = PBXFileReference; lastKnownFileType = file.storyboard; name = Base; path = Base.lproj/Main.storyboard; sourceTree = "<group>"; };
		315909261FBE3C6900474A1D /* Assets.xcassets */ = {isa = PBXFileReference; lastKnownFileType = folder.assetcatalog; path = Assets.xcassets; sourceTree = "<group>"; };
		315909291FBE3C6900474A1D /* Base */ = {isa = PBXFileReference; lastKnownFileType = file.storyboard; name = Base; path = Base.lproj/LaunchScreen.storyboard; sourceTree = "<group>"; };
		3159092B1FBE3C6900474A1D /* Info.plist */ = {isa = PBXFileReference; lastKnownFileType = text.plist.xml; path = Info.plist; sourceTree = "<group>"; };
		315909301FBE3C6900474A1D /* Ambasity V1Tests.xctest */ = {isa = PBXFileReference; explicitFileType = wrapper.cfbundle; includeInIndex = 0; path = "Ambasity V1Tests.xctest"; sourceTree = BUILT_PRODUCTS_DIR; };
		315909341FBE3C6900474A1D /* Ambasity_V1Tests.swift */ = {isa = PBXFileReference; lastKnownFileType = sourcecode.swift; path = Ambasity_V1Tests.swift; sourceTree = "<group>"; };
		315909361FBE3C6900474A1D /* Info.plist */ = {isa = PBXFileReference; lastKnownFileType = text.plist.xml; path = Info.plist; sourceTree = "<group>"; };
		3159093B1FBE3C6900474A1D /* Ambasity V1UITests.xctest */ = {isa = PBXFileReference; explicitFileType = wrapper.cfbundle; includeInIndex = 0; path = "Ambasity V1UITests.xctest"; sourceTree = BUILT_PRODUCTS_DIR; };
		3159093F1FBE3C6900474A1D /* Ambasity_V1UITests.swift */ = {isa = PBXFileReference; lastKnownFileType = sourcecode.swift; path = Ambasity_V1UITests.swift; sourceTree = "<group>"; };
		315909411FBE3C6900474A1D /* Info.plist */ = {isa = PBXFileReference; lastKnownFileType = text.plist.xml; path = Info.plist; sourceTree = "<group>"; };
		315B454E20A9FE6700DAD291 /* Extensions.swift */ = {isa = PBXFileReference; lastKnownFileType = sourcecode.swift; path = Extensions.swift; sourceTree = "<group>"; };
		315B455020AB2AC300DAD291 /* Models.swift */ = {isa = PBXFileReference; lastKnownFileType = sourcecode.swift; path = Models.swift; sourceTree = "<group>"; };
		316A1708203A54EF005EBC64 /* SubmitButton.swift */ = {isa = PBXFileReference; lastKnownFileType = sourcecode.swift; path = SubmitButton.swift; sourceTree = "<group>"; };
		316A170A203A57D4005EBC64 /* DesignableTextField.swift */ = {isa = PBXFileReference; lastKnownFileType = sourcecode.swift; path = DesignableTextField.swift; sourceTree = "<group>"; };
		318185CD1FC08BA4007441FC /* LoginViewController.swift */ = {isa = PBXFileReference; lastKnownFileType = sourcecode.swift; path = LoginViewController.swift; sourceTree = "<group>"; };
		3184AD59202E93CB00EC7200 /* PasswordRecoveryViewController.swift */ = {isa = PBXFileReference; lastKnownFileType = sourcecode.swift; path = PasswordRecoveryViewController.swift; sourceTree = "<group>"; };
		3184ADBD202FB32400EC7200 /* LinksViewController.swift */ = {isa = PBXFileReference; lastKnownFileType = sourcecode.swift; path = LinksViewController.swift; sourceTree = "<group>"; };
		318E80C9207EDB1D00492CD1 /* SignUpCell.swift */ = {isa = PBXFileReference; lastKnownFileType = sourcecode.swift; path = SignUpCell.swift; sourceTree = "<group>"; };
		318E80CB207F023E00492CD1 /* OnboardingCollectionViewController.swift */ = {isa = PBXFileReference; lastKnownFileType = sourcecode.swift; path = OnboardingCollectionViewController.swift; sourceTree = "<group>"; };
		318E80CD207F036B00492CD1 /* OnboardingCell.swift */ = {isa = PBXFileReference; lastKnownFileType = sourcecode.swift; path = OnboardingCell.swift; sourceTree = "<group>"; };
		31FF83EE1FCE3AFF0046DBFA /* BrandsViewController.swift */ = {isa = PBXFileReference; lastKnownFileType = sourcecode.swift; path = BrandsViewController.swift; sourceTree = "<group>"; };
		31FF83F01FCE3BB50046DBFA /* BrandInfoViewController.swift */ = {isa = PBXFileReference; lastKnownFileType = sourcecode.swift; path = BrandInfoViewController.swift; sourceTree = "<group>"; };
		4922EFFA5C0DCFF2510E2C97 /* Pods-Ambasity V1.release.xcconfig */ = {isa = PBXFileReference; includeInIndex = 1; lastKnownFileType = text.xcconfig; name = "Pods-Ambasity V1.release.xcconfig"; path = "Pods/Target Support Files/Pods-Ambasity V1/Pods-Ambasity V1.release.xcconfig"; sourceTree = "<group>"; };
		9B9BA3CEF88F3BC0DF4D46D1 /* Pods-Ambasity V1.debug.xcconfig */ = {isa = PBXFileReference; includeInIndex = 1; lastKnownFileType = text.xcconfig; name = "Pods-Ambasity V1.debug.xcconfig"; path = "Pods/Target Support Files/Pods-Ambasity V1/Pods-Ambasity V1.debug.xcconfig"; sourceTree = "<group>"; };
/* End PBXFileReference section */

/* Begin PBXFrameworksBuildPhase section */
		315909191FBE3C6900474A1D /* Frameworks */ = {
			isa = PBXFrameworksBuildPhase;
			buildActionMask = 2147483647;
			files = (
				8860219227BFFCA73AE80CE0 /* Pods_Ambasity_V1.framework in Frameworks */,
			);
			runOnlyForDeploymentPostprocessing = 0;
		};
		3159092D1FBE3C6900474A1D /* Frameworks */ = {
			isa = PBXFrameworksBuildPhase;
			buildActionMask = 2147483647;
			files = (
			);
			runOnlyForDeploymentPostprocessing = 0;
		};
		315909381FBE3C6900474A1D /* Frameworks */ = {
			isa = PBXFrameworksBuildPhase;
			buildActionMask = 2147483647;
			files = (
			);
			runOnlyForDeploymentPostprocessing = 0;
		};
/* End PBXFrameworksBuildPhase section */

/* Begin PBXGroup section */
		311A95972083ECFF00DB3C53 /* SettingsTableViewCells */ = {
			isa = PBXGroup;
			children = (
				31363B7D208395B00094D03D /* GeneralSettingsTableViewCell.swift */,
				31363B812083AD140094D03D /* ProfileSettingsTableViewCell.swift */,
				31363B7F2083A2460094D03D /* AccountSettingsTableViewCell.swift */,
			);
			path = SettingsTableViewCells;
			sourceTree = "<group>";
		};
		315909131FBE3C6900474A1D = {
			isa = PBXGroup;
			children = (
				3159091E1FBE3C6900474A1D /* Ambasity V1 */,
				315909331FBE3C6900474A1D /* Ambasity V1Tests */,
				3159093E1FBE3C6900474A1D /* Ambasity V1UITests */,
				3159091D1FBE3C6900474A1D /* Products */,
				3D96CB5BEF6B892A2C5D9AB8 /* Pods */,
				8B4167D1661798B5791FCD7C /* Frameworks */,
			);
			sourceTree = "<group>";
		};
		3159091D1FBE3C6900474A1D /* Products */ = {
			isa = PBXGroup;
			children = (
				3159091C1FBE3C6900474A1D /* Ambasity V1.app */,
				315909301FBE3C6900474A1D /* Ambasity V1Tests.xctest */,
				3159093B1FBE3C6900474A1D /* Ambasity V1UITests.xctest */,
			);
			name = Products;
			sourceTree = "<group>";
		};
		3159091E1FBE3C6900474A1D /* Ambasity V1 */ = {
			isa = PBXGroup;
			children = (
				315B455020AB2AC300DAD291 /* Models.swift */,
				315B454E20A9FE6700DAD291 /* Extensions.swift */,
				316A1707203A54B0005EBC64 /* IBDesignables */,
				3159091F1FBE3C6900474A1D /* AppDelegate.swift */,
				315909211FBE3C6900474A1D /* ViewController.swift */,
				31FF83EE1FCE3AFF0046DBFA /* BrandsViewController.swift */,
				31FF83F01FCE3BB50046DBFA /* BrandInfoViewController.swift */,
				310C02E920AB7D92002B4C4B /* BrandInfoCollectionViewCell.swift */,
				315909231FBE3C6900474A1D /* Main.storyboard */,
				314C3D8520609E8A00304133 /* MainFeedTableViewCell.swift */,
				3184ADBD202FB32400EC7200 /* LinksViewController.swift */,
				310C02EB20ACAC92002B4C4B /* LinksTableViewController.swift */,
				318185CD1FC08BA4007441FC /* LoginViewController.swift */,
				3184AD59202E93CB00EC7200 /* PasswordRecoveryViewController.swift */,
				3116EA1D1FEB2D50001902B7 /* ProfileViewController.swift */,
				31153DB81FD0BCB000B8B894 /* Ambasity_V1.xcdatamodeld */,
				315909261FBE3C6900474A1D /* Assets.xcassets */,
				310475EE207A9BED00AB45F1 /* SignUp.storyboard */,
				3151C9C72082952600AD4BB8 /* SignUpViewController.swift */,
				318E80C9207EDB1D00492CD1 /* SignUpCell.swift */,
				314C3D892067186F00304133 /* Support.storyboard */,
				311A959820843B1800DB3C53 /* SupportViewController.swift */,
				314C3D8D2067DB6000304133 /* PreOnboarding.storyboard */,
				314C3D8F2067DFE200304133 /* PreOnboardingViewController.swift */,
				315909281FBE3C6900474A1D /* LaunchScreen.storyboard */,
				314C3D912068028200304133 /* Onboarding.storyboard */,
				318E80CB207F023E00492CD1 /* OnboardingCollectionViewController.swift */,
				318E80CD207F036B00492CD1 /* OnboardingCell.swift */,
				313FF7EA206D9DE10065CDC6 /* Settings.storyboard */,
				314E51BD2093AFDF0079AC07 /* PaymentViewController.swift */,
				31363B7B20838DAB0094D03D /* SettingsTableViewController.swift */,
				311A95972083ECFF00DB3C53 /* SettingsTableViewCells */,
				3159092B1FBE3C6900474A1D /* Info.plist */,
			);
			path = "Ambasity V1";
			sourceTree = "<group>";
		};
		315909331FBE3C6900474A1D /* Ambasity V1Tests */ = {
			isa = PBXGroup;
			children = (
				315909341FBE3C6900474A1D /* Ambasity_V1Tests.swift */,
				315909361FBE3C6900474A1D /* Info.plist */,
			);
			path = "Ambasity V1Tests";
			sourceTree = "<group>";
		};
		3159093E1FBE3C6900474A1D /* Ambasity V1UITests */ = {
			isa = PBXGroup;
			children = (
				3159093F1FBE3C6900474A1D /* Ambasity_V1UITests.swift */,
				315909411FBE3C6900474A1D /* Info.plist */,
			);
			path = "Ambasity V1UITests";
			sourceTree = "<group>";
		};
		316A1707203A54B0005EBC64 /* IBDesignables */ = {
			isa = PBXGroup;
			children = (
				316A1708203A54EF005EBC64 /* SubmitButton.swift */,
				316A170A203A57D4005EBC64 /* DesignableTextField.swift */,
			);
			path = IBDesignables;
			sourceTree = "<group>";
		};
		3D96CB5BEF6B892A2C5D9AB8 /* Pods */ = {
			isa = PBXGroup;
			children = (
				9B9BA3CEF88F3BC0DF4D46D1 /* Pods-Ambasity V1.debug.xcconfig */,
				4922EFFA5C0DCFF2510E2C97 /* Pods-Ambasity V1.release.xcconfig */,
			);
			name = Pods;
			sourceTree = "<group>";
		};
		8B4167D1661798B5791FCD7C /* Frameworks */ = {
			isa = PBXGroup;
			children = (
				2FFA4DB0DE1A767FD6E1ADD5 /* Pods_Ambasity_V1.framework */,
			);
			name = Frameworks;
			sourceTree = "<group>";
		};
/* End PBXGroup section */

/* Begin PBXNativeTarget section */
		3159091B1FBE3C6900474A1D /* Ambasity V1 */ = {
			isa = PBXNativeTarget;
			buildConfigurationList = 315909441FBE3C6900474A1D /* Build configuration list for PBXNativeTarget "Ambasity V1" */;
			buildPhases = (
				E7420D898429D7839E13046C /* [CP] Check Pods Manifest.lock */,
				315909181FBE3C6900474A1D /* Sources */,
				315909191FBE3C6900474A1D /* Frameworks */,
				3159091A1FBE3C6900474A1D /* Resources */,
				5EC1E14AB9842EC3229EB149 /* [CP] Embed Pods Frameworks */,
				D4B0D8EFE1C50C701A30AB89 /* [CP] Copy Pods Resources */,
			);
			buildRules = (
			);
			dependencies = (
			);
			name = "Ambasity V1";
			productName = "Ambasity V1";
			productReference = 3159091C1FBE3C6900474A1D /* Ambasity V1.app */;
			productType = "com.apple.product-type.application";
		};
		3159092F1FBE3C6900474A1D /* Ambasity V1Tests */ = {
			isa = PBXNativeTarget;
			buildConfigurationList = 315909471FBE3C6900474A1D /* Build configuration list for PBXNativeTarget "Ambasity V1Tests" */;
			buildPhases = (
				3159092C1FBE3C6900474A1D /* Sources */,
				3159092D1FBE3C6900474A1D /* Frameworks */,
				3159092E1FBE3C6900474A1D /* Resources */,
			);
			buildRules = (
			);
			dependencies = (
				315909321FBE3C6900474A1D /* PBXTargetDependency */,
			);
			name = "Ambasity V1Tests";
			productName = "Ambasity V1Tests";
			productReference = 315909301FBE3C6900474A1D /* Ambasity V1Tests.xctest */;
			productType = "com.apple.product-type.bundle.unit-test";
		};
		3159093A1FBE3C6900474A1D /* Ambasity V1UITests */ = {
			isa = PBXNativeTarget;
			buildConfigurationList = 3159094A1FBE3C6900474A1D /* Build configuration list for PBXNativeTarget "Ambasity V1UITests" */;
			buildPhases = (
				315909371FBE3C6900474A1D /* Sources */,
				315909381FBE3C6900474A1D /* Frameworks */,
				315909391FBE3C6900474A1D /* Resources */,
			);
			buildRules = (
			);
			dependencies = (
				3159093D1FBE3C6900474A1D /* PBXTargetDependency */,
			);
			name = "Ambasity V1UITests";
			productName = "Ambasity V1UITests";
			productReference = 3159093B1FBE3C6900474A1D /* Ambasity V1UITests.xctest */;
			productType = "com.apple.product-type.bundle.ui-testing";
		};
/* End PBXNativeTarget section */

/* Begin PBXProject section */
		315909141FBE3C6900474A1D /* Project object */ = {
			isa = PBXProject;
			attributes = {
				LastSwiftUpdateCheck = 0920;
				LastUpgradeCheck = 0930;
				ORGANIZATIONNAME = ClosestPath;
				TargetAttributes = {
					3159091B1FBE3C6900474A1D = {
						CreatedOnToolsVersion = 9.2;
						ProvisioningStyle = Automatic;
					};
					3159092F1FBE3C6900474A1D = {
						CreatedOnToolsVersion = 9.2;
						ProvisioningStyle = Automatic;
						TestTargetID = 3159091B1FBE3C6900474A1D;
					};
					3159093A1FBE3C6900474A1D = {
						CreatedOnToolsVersion = 9.2;
						ProvisioningStyle = Automatic;
						TestTargetID = 3159091B1FBE3C6900474A1D;
					};
				};
			};
			buildConfigurationList = 315909171FBE3C6900474A1D /* Build configuration list for PBXProject "Ambasity V1" */;
			compatibilityVersion = "Xcode 8.0";
			developmentRegion = en;
			hasScannedForEncodings = 0;
			knownRegions = (
				en,
				Base,
			);
			mainGroup = 315909131FBE3C6900474A1D;
			productRefGroup = 3159091D1FBE3C6900474A1D /* Products */;
			projectDirPath = "";
			projectRoot = "";
			targets = (
				3159091B1FBE3C6900474A1D /* Ambasity V1 */,
				3159092F1FBE3C6900474A1D /* Ambasity V1Tests */,
				3159093A1FBE3C6900474A1D /* Ambasity V1UITests */,
			);
		};
/* End PBXProject section */

/* Begin PBXResourcesBuildPhase section */
		3159091A1FBE3C6900474A1D /* Resources */ = {
			isa = PBXResourcesBuildPhase;
			buildActionMask = 2147483647;
			files = (
				314C3D8E2067DB6000304133 /* PreOnboarding.storyboard in Resources */,
				3159092A1FBE3C6900474A1D /* LaunchScreen.storyboard in Resources */,
				315909271FBE3C6900474A1D /* Assets.xcassets in Resources */,
				314C3D922068028200304133 /* Onboarding.storyboard in Resources */,
				314C3D8A2067186F00304133 /* Support.storyboard in Resources */,
				315909251FBE3C6900474A1D /* Main.storyboard in Resources */,
				310475EF207A9BED00AB45F1 /* SignUp.storyboard in Resources */,
				313FF7EB206D9DE10065CDC6 /* Settings.storyboard in Resources */,
			);
			runOnlyForDeploymentPostprocessing = 0;
		};
		3159092E1FBE3C6900474A1D /* Resources */ = {
			isa = PBXResourcesBuildPhase;
			buildActionMask = 2147483647;
			files = (
			);
			runOnlyForDeploymentPostprocessing = 0;
		};
		315909391FBE3C6900474A1D /* Resources */ = {
			isa = PBXResourcesBuildPhase;
			buildActionMask = 2147483647;
			files = (
			);
			runOnlyForDeploymentPostprocessing = 0;
		};
/* End PBXResourcesBuildPhase section */

/* Begin PBXShellScriptBuildPhase section */
		5EC1E14AB9842EC3229EB149 /* [CP] Embed Pods Frameworks */ = {
			isa = PBXShellScriptBuildPhase;
			buildActionMask = 2147483647;
			files = (
			);
			inputPaths = (
				"${SRCROOT}/Pods/Target Support Files/Pods-Ambasity V1/Pods-Ambasity V1-frameworks.sh",
				"${BUILT_PRODUCTS_DIR}/Bolts/Bolts.framework",
				"${BUILT_PRODUCTS_DIR}/Parse/Parse.framework",
			);
			name = "[CP] Embed Pods Frameworks";
			outputPaths = (
				"${TARGET_BUILD_DIR}/${FRAMEWORKS_FOLDER_PATH}/Bolts.framework",
				"${TARGET_BUILD_DIR}/${FRAMEWORKS_FOLDER_PATH}/Parse.framework",
			);
			runOnlyForDeploymentPostprocessing = 0;
			shellPath = /bin/sh;
			shellScript = "\"${SRCROOT}/Pods/Target Support Files/Pods-Ambasity V1/Pods-Ambasity V1-frameworks.sh\"\n";
			showEnvVarsInLog = 0;
		};
		D4B0D8EFE1C50C701A30AB89 /* [CP] Copy Pods Resources */ = {
			isa = PBXShellScriptBuildPhase;
			buildActionMask = 2147483647;
			files = (
			);
			inputPaths = (
			);
			name = "[CP] Copy Pods Resources";
			outputPaths = (
			);
			runOnlyForDeploymentPostprocessing = 0;
			shellPath = /bin/sh;
			shellScript = "\"${SRCROOT}/Pods/Target Support Files/Pods-Ambasity V1/Pods-Ambasity V1-resources.sh\"\n";
			showEnvVarsInLog = 0;
		};
		E7420D898429D7839E13046C /* [CP] Check Pods Manifest.lock */ = {
			isa = PBXShellScriptBuildPhase;
			buildActionMask = 2147483647;
			files = (
			);
			inputPaths = (
				"${PODS_PODFILE_DIR_PATH}/Podfile.lock",
				"${PODS_ROOT}/Manifest.lock",
			);
			name = "[CP] Check Pods Manifest.lock";
			outputPaths = (
				"$(DERIVED_FILE_DIR)/Pods-Ambasity V1-checkManifestLockResult.txt",
			);
			runOnlyForDeploymentPostprocessing = 0;
			shellPath = /bin/sh;
			shellScript = "diff \"${PODS_PODFILE_DIR_PATH}/Podfile.lock\" \"${PODS_ROOT}/Manifest.lock\" > /dev/null\nif [ $? != 0 ] ; then\n    # print error to STDERR\n    echo \"error: The sandbox is not in sync with the Podfile.lock. Run 'pod install' or update your CocoaPods installation.\" >&2\n    exit 1\nfi\n# This output is used by Xcode 'outputs' to avoid re-running this script phase.\necho \"SUCCESS\" > \"${SCRIPT_OUTPUT_FILE_0}\"\n";
			showEnvVarsInLog = 0;
		};
/* End PBXShellScriptBuildPhase section */

/* Begin PBXSourcesBuildPhase section */
		315909181FBE3C6900474A1D /* Sources */ = {
			isa = PBXSourcesBuildPhase;
			buildActionMask = 2147483647;
			files = (
				3184ADBE202FB32400EC7200 /* LinksViewController.swift in Sources */,
				316A1709203A54EF005EBC64 /* SubmitButton.swift in Sources */,
				318E80CA207EDB1D00492CD1 /* SignUpCell.swift in Sources */,
				31FF83F11FCE3BB50046DBFA /* BrandInfoViewController.swift in Sources */,
				31FF83EF1FCE3AFF0046DBFA /* BrandsViewController.swift in Sources */,
				31153DBA1FD0BCB000B8B894 /* Ambasity_V1.xcdatamodeld in Sources */,
				314C3D8620609E8A00304133 /* MainFeedTableViewCell.swift in Sources */,
				318185CE1FC08BA4007441FC /* LoginViewController.swift in Sources */,
				315909221FBE3C6900474A1D /* ViewController.swift in Sources */,
				318E80CC207F023E00492CD1 /* OnboardingCollectionViewController.swift in Sources */,
				3151C9C82082952600AD4BB8 /* SignUpViewController.swift in Sources */,
				311A959920843B1800DB3C53 /* SupportViewController.swift in Sources */,
				31363B7E208395B00094D03D /* GeneralSettingsTableViewCell.swift in Sources */,
				3116EA1E1FEB2D50001902B7 /* ProfileViewController.swift in Sources */,
				31363B7C20838DAB0094D03D /* SettingsTableViewController.swift in Sources */,
				3184AD5A202E93CB00EC7200 /* PasswordRecoveryViewController.swift in Sources */,
				314E51BE2093AFDF0079AC07 /* PaymentViewController.swift in Sources */,
				315909201FBE3C6900474A1D /* AppDelegate.swift in Sources */,
				318E80CE207F036B00492CD1 /* OnboardingCell.swift in Sources */,
				31363B822083AD140094D03D /* ProfileSettingsTableViewCell.swift in Sources */,
				315B454F20A9FE6700DAD291 /* Extensions.swift in Sources */,
				316A170B203A57D4005EBC64 /* DesignableTextField.swift in Sources */,
				314C3D902067DFE200304133 /* PreOnboardingViewController.swift in Sources */,
				315B455120AB2AC300DAD291 /* Models.swift in Sources */,
				310C02EA20AB7D92002B4C4B /* BrandInfoCollectionViewCell.swift in Sources */,
				31363B802083A2460094D03D /* AccountSettingsTableViewCell.swift in Sources */,
				310C02EC20ACAC92002B4C4B /* LinksTableViewController.swift in Sources */,
			);
			runOnlyForDeploymentPostprocessing = 0;
		};
		3159092C1FBE3C6900474A1D /* Sources */ = {
			isa = PBXSourcesBuildPhase;
			buildActionMask = 2147483647;
			files = (
				315909351FBE3C6900474A1D /* Ambasity_V1Tests.swift in Sources */,
			);
			runOnlyForDeploymentPostprocessing = 0;
		};
		315909371FBE3C6900474A1D /* Sources */ = {
			isa = PBXSourcesBuildPhase;
			buildActionMask = 2147483647;
			files = (
				315909401FBE3C6900474A1D /* Ambasity_V1UITests.swift in Sources */,
			);
			runOnlyForDeploymentPostprocessing = 0;
		};
/* End PBXSourcesBuildPhase section */

/* Begin PBXTargetDependency section */
		315909321FBE3C6900474A1D /* PBXTargetDependency */ = {
			isa = PBXTargetDependency;
			target = 3159091B1FBE3C6900474A1D /* Ambasity V1 */;
			targetProxy = 315909311FBE3C6900474A1D /* PBXContainerItemProxy */;
		};
		3159093D1FBE3C6900474A1D /* PBXTargetDependency */ = {
			isa = PBXTargetDependency;
			target = 3159091B1FBE3C6900474A1D /* Ambasity V1 */;
			targetProxy = 3159093C1FBE3C6900474A1D /* PBXContainerItemProxy */;
		};
/* End PBXTargetDependency section */

/* Begin PBXVariantGroup section */
		315909231FBE3C6900474A1D /* Main.storyboard */ = {
			isa = PBXVariantGroup;
			children = (
				315909241FBE3C6900474A1D /* Base */,
			);
			name = Main.storyboard;
			sourceTree = "<group>";
		};
		315909281FBE3C6900474A1D /* LaunchScreen.storyboard */ = {
			isa = PBXVariantGroup;
			children = (
				315909291FBE3C6900474A1D /* Base */,
			);
			name = LaunchScreen.storyboard;
			sourceTree = "<group>";
		};
/* End PBXVariantGroup section */

/* Begin XCBuildConfiguration section */
		315909421FBE3C6900474A1D /* Debug */ = {
			isa = XCBuildConfiguration;
			buildSettings = {
				ALWAYS_SEARCH_USER_PATHS = NO;
				CLANG_ANALYZER_NONNULL = YES;
				CLANG_ANALYZER_NUMBER_OBJECT_CONVERSION = YES_AGGRESSIVE;
				CLANG_CXX_LANGUAGE_STANDARD = "gnu++14";
				CLANG_CXX_LIBRARY = "libc++";
				CLANG_ENABLE_MODULES = YES;
				CLANG_ENABLE_OBJC_ARC = YES;
				CLANG_WARN_BLOCK_CAPTURE_AUTORELEASING = YES;
				CLANG_WARN_BOOL_CONVERSION = YES;
				CLANG_WARN_COMMA = YES;
				CLANG_WARN_CONSTANT_CONVERSION = YES;
				CLANG_WARN_DEPRECATED_OBJC_IMPLEMENTATIONS = YES;
				CLANG_WARN_DIRECT_OBJC_ISA_USAGE = YES_ERROR;
				CLANG_WARN_DOCUMENTATION_COMMENTS = YES;
				CLANG_WARN_EMPTY_BODY = YES;
				CLANG_WARN_ENUM_CONVERSION = YES;
				CLANG_WARN_INFINITE_RECURSION = YES;
				CLANG_WARN_INT_CONVERSION = YES;
				CLANG_WARN_NON_LITERAL_NULL_CONVERSION = YES;
				CLANG_WARN_OBJC_IMPLICIT_RETAIN_SELF = YES;
				CLANG_WARN_OBJC_LITERAL_CONVERSION = YES;
				CLANG_WARN_OBJC_ROOT_CLASS = YES_ERROR;
				CLANG_WARN_RANGE_LOOP_ANALYSIS = YES;
				CLANG_WARN_STRICT_PROTOTYPES = YES;
				CLANG_WARN_SUSPICIOUS_MOVE = YES;
				CLANG_WARN_UNGUARDED_AVAILABILITY = YES_AGGRESSIVE;
				CLANG_WARN_UNREACHABLE_CODE = YES;
				CLANG_WARN__DUPLICATE_METHOD_MATCH = YES;
				CODE_SIGN_IDENTITY = "iPhone Developer";
				COPY_PHASE_STRIP = NO;
				DEBUG_INFORMATION_FORMAT = dwarf;
				ENABLE_STRICT_OBJC_MSGSEND = YES;
				ENABLE_TESTABILITY = YES;
				GCC_C_LANGUAGE_STANDARD = gnu11;
				GCC_DYNAMIC_NO_PIC = NO;
				GCC_NO_COMMON_BLOCKS = YES;
				GCC_OPTIMIZATION_LEVEL = 0;
				GCC_PREPROCESSOR_DEFINITIONS = (
					"DEBUG=1",
					"$(inherited)",
				);
				GCC_WARN_64_TO_32_BIT_CONVERSION = YES;
				GCC_WARN_ABOUT_RETURN_TYPE = YES_ERROR;
				GCC_WARN_UNDECLARED_SELECTOR = YES;
				GCC_WARN_UNINITIALIZED_AUTOS = YES_AGGRESSIVE;
				GCC_WARN_UNUSED_FUNCTION = YES;
				GCC_WARN_UNUSED_VARIABLE = YES;
				IPHONEOS_DEPLOYMENT_TARGET = 11.3;
				MTL_ENABLE_DEBUG_INFO = YES;
				ONLY_ACTIVE_ARCH = YES;
				SDKROOT = iphoneos;
				SWIFT_ACTIVE_COMPILATION_CONDITIONS = DEBUG;
				SWIFT_OPTIMIZATION_LEVEL = "-Onone";
			};
			name = Debug;
		};
		315909431FBE3C6900474A1D /* Release */ = {
			isa = XCBuildConfiguration;
			buildSettings = {
				ALWAYS_SEARCH_USER_PATHS = NO;
				CLANG_ANALYZER_NONNULL = YES;
				CLANG_ANALYZER_NUMBER_OBJECT_CONVERSION = YES_AGGRESSIVE;
				CLANG_CXX_LANGUAGE_STANDARD = "gnu++14";
				CLANG_CXX_LIBRARY = "libc++";
				CLANG_ENABLE_MODULES = YES;
				CLANG_ENABLE_OBJC_ARC = YES;
				CLANG_WARN_BLOCK_CAPTURE_AUTORELEASING = YES;
				CLANG_WARN_BOOL_CONVERSION = YES;
				CLANG_WARN_COMMA = YES;
				CLANG_WARN_CONSTANT_CONVERSION = YES;
				CLANG_WARN_DEPRECATED_OBJC_IMPLEMENTATIONS = YES;
				CLANG_WARN_DIRECT_OBJC_ISA_USAGE = YES_ERROR;
				CLANG_WARN_DOCUMENTATION_COMMENTS = YES;
				CLANG_WARN_EMPTY_BODY = YES;
				CLANG_WARN_ENUM_CONVERSION = YES;
				CLANG_WARN_INFINITE_RECURSION = YES;
				CLANG_WARN_INT_CONVERSION = YES;
				CLANG_WARN_NON_LITERAL_NULL_CONVERSION = YES;
				CLANG_WARN_OBJC_IMPLICIT_RETAIN_SELF = YES;
				CLANG_WARN_OBJC_LITERAL_CONVERSION = YES;
				CLANG_WARN_OBJC_ROOT_CLASS = YES_ERROR;
				CLANG_WARN_RANGE_LOOP_ANALYSIS = YES;
				CLANG_WARN_STRICT_PROTOTYPES = YES;
				CLANG_WARN_SUSPICIOUS_MOVE = YES;
				CLANG_WARN_UNGUARDED_AVAILABILITY = YES_AGGRESSIVE;
				CLANG_WARN_UNREACHABLE_CODE = YES;
				CLANG_WARN__DUPLICATE_METHOD_MATCH = YES;
				CODE_SIGN_IDENTITY = "iPhone Developer";
				COPY_PHASE_STRIP = NO;
				DEBUG_INFORMATION_FORMAT = "dwarf-with-dsym";
				ENABLE_NS_ASSERTIONS = NO;
				ENABLE_STRICT_OBJC_MSGSEND = YES;
				GCC_C_LANGUAGE_STANDARD = gnu11;
				GCC_NO_COMMON_BLOCKS = YES;
				GCC_WARN_64_TO_32_BIT_CONVERSION = YES;
				GCC_WARN_ABOUT_RETURN_TYPE = YES_ERROR;
				GCC_WARN_UNDECLARED_SELECTOR = YES;
				GCC_WARN_UNINITIALIZED_AUTOS = YES_AGGRESSIVE;
				GCC_WARN_UNUSED_FUNCTION = YES;
				GCC_WARN_UNUSED_VARIABLE = YES;
				IPHONEOS_DEPLOYMENT_TARGET = 11.3;
				MTL_ENABLE_DEBUG_INFO = NO;
				SDKROOT = iphoneos;
				SWIFT_OPTIMIZATION_LEVEL = "-Owholemodule";
				VALIDATE_PRODUCT = YES;
			};
			name = Release;
		};
		315909451FBE3C6900474A1D /* Debug */ = {
			isa = XCBuildConfiguration;
			baseConfigurationReference = 9B9BA3CEF88F3BC0DF4D46D1 /* Pods-Ambasity V1.debug.xcconfig */;
			buildSettings = {
				ASSETCATALOG_COMPILER_APPICON_NAME = AppIcon;
				CODE_SIGN_STYLE = Automatic;
				DEVELOPMENT_TEAM = S777RS4GYD;
				INFOPLIST_FILE = "Ambasity V1/Info.plist";
				IPHONEOS_DEPLOYMENT_TARGET = 11.3;
				LD_RUNPATH_SEARCH_PATHS = "$(inherited) @executable_path/Frameworks";
				PRODUCT_BUNDLE_IDENTIFIER = "com.ClosestPath.Ambasity-V1";
				PRODUCT_NAME = "$(TARGET_NAME)";
				SWIFT_VERSION = 4.0;
				TARGETED_DEVICE_FAMILY = "1,2";
			};
			name = Debug;
		};
		315909461FBE3C6900474A1D /* Release */ = {
			isa = XCBuildConfiguration;
			baseConfigurationReference = 4922EFFA5C0DCFF2510E2C97 /* Pods-Ambasity V1.release.xcconfig */;
			buildSettings = {
				ASSETCATALOG_COMPILER_APPICON_NAME = AppIcon;
				CODE_SIGN_STYLE = Automatic;
				DEVELOPMENT_TEAM = S777RS4GYD;
				INFOPLIST_FILE = "Ambasity V1/Info.plist";
				IPHONEOS_DEPLOYMENT_TARGET = 11.3;
				LD_RUNPATH_SEARCH_PATHS = "$(inherited) @executable_path/Frameworks";
				PRODUCT_BUNDLE_IDENTIFIER = "com.ClosestPath.Ambasity-V1";
				PRODUCT_NAME = "$(TARGET_NAME)";
				SWIFT_VERSION = 4.0;
				TARGETED_DEVICE_FAMILY = "1,2";
			};
			name = Release;
		};
		315909481FBE3C6900474A1D /* Debug */ = {
			isa = XCBuildConfiguration;
			buildSettings = {
				ALWAYS_EMBED_SWIFT_STANDARD_LIBRARIES = YES;
				BUNDLE_LOADER = "$(TEST_HOST)";
				CODE_SIGN_STYLE = Automatic;
				DEVELOPMENT_TEAM = S777RS4GYD;
				INFOPLIST_FILE = "Ambasity V1Tests/Info.plist";
				IPHONEOS_DEPLOYMENT_TARGET = 11.1;
				LD_RUNPATH_SEARCH_PATHS = "$(inherited) @executable_path/Frameworks @loader_path/Frameworks";
				PRODUCT_BUNDLE_IDENTIFIER = "com.ClosestPath.Ambasity-V1Tests";
				PRODUCT_NAME = "$(TARGET_NAME)";
				SWIFT_VERSION = 4.0;
				TARGETED_DEVICE_FAMILY = "1,2";
				TEST_HOST = "$(BUILT_PRODUCTS_DIR)/Ambasity V1.app/Ambasity V1";
			};
			name = Debug;
		};
		315909491FBE3C6900474A1D /* Release */ = {
			isa = XCBuildConfiguration;
			buildSettings = {
				ALWAYS_EMBED_SWIFT_STANDARD_LIBRARIES = YES;
				BUNDLE_LOADER = "$(TEST_HOST)";
				CODE_SIGN_STYLE = Automatic;
				DEVELOPMENT_TEAM = S777RS4GYD;
				INFOPLIST_FILE = "Ambasity V1Tests/Info.plist";
				IPHONEOS_DEPLOYMENT_TARGET = 11.1;
				LD_RUNPATH_SEARCH_PATHS = "$(inherited) @executable_path/Frameworks @loader_path/Frameworks";
				PRODUCT_BUNDLE_IDENTIFIER = "com.ClosestPath.Ambasity-V1Tests";
				PRODUCT_NAME = "$(TARGET_NAME)";
				SWIFT_VERSION = 4.0;
				TARGETED_DEVICE_FAMILY = "1,2";
				TEST_HOST = "$(BUILT_PRODUCTS_DIR)/Ambasity V1.app/Ambasity V1";
			};
			name = Release;
		};
		3159094B1FBE3C6900474A1D /* Debug */ = {
			isa = XCBuildConfiguration;
			buildSettings = {
				ALWAYS_EMBED_SWIFT_STANDARD_LIBRARIES = YES;
				CODE_SIGN_STYLE = Automatic;
				DEVELOPMENT_TEAM = S777RS4GYD;
				INFOPLIST_FILE = "Ambasity V1UITests/Info.plist";
				IPHONEOS_DEPLOYMENT_TARGET = 11.1;
				LD_RUNPATH_SEARCH_PATHS = "$(inherited) @executable_path/Frameworks @loader_path/Frameworks";
				PRODUCT_BUNDLE_IDENTIFIER = "com.ClosestPath.Ambasity-V1UITests";
				PRODUCT_NAME = "$(TARGET_NAME)";
				SWIFT_VERSION = 4.0;
				TARGETED_DEVICE_FAMILY = 1;
				TEST_TARGET_NAME = "Ambasity V1";
			};
			name = Debug;
		};
		3159094C1FBE3C6900474A1D /* Release */ = {
			isa = XCBuildConfiguration;
			buildSettings = {
				ALWAYS_EMBED_SWIFT_STANDARD_LIBRARIES = YES;
				CODE_SIGN_STYLE = Automatic;
				DEVELOPMENT_TEAM = S777RS4GYD;
				INFOPLIST_FILE = "Ambasity V1UITests/Info.plist";
				IPHONEOS_DEPLOYMENT_TARGET = 11.1;
				LD_RUNPATH_SEARCH_PATHS = "$(inherited) @executable_path/Frameworks @loader_path/Frameworks";
				PRODUCT_BUNDLE_IDENTIFIER = "com.ClosestPath.Ambasity-V1UITests";
				PRODUCT_NAME = "$(TARGET_NAME)";
				SWIFT_VERSION = 4.0;
				TARGETED_DEVICE_FAMILY = 1;
				TEST_TARGET_NAME = "Ambasity V1";
			};
			name = Release;
		};
/* End XCBuildConfiguration section */

/* Begin XCConfigurationList section */
		315909171FBE3C6900474A1D /* Build configuration list for PBXProject "Ambasity V1" */ = {
			isa = XCConfigurationList;
			buildConfigurations = (
				315909421FBE3C6900474A1D /* Debug */,
				315909431FBE3C6900474A1D /* Release */,
			);
			defaultConfigurationIsVisible = 0;
			defaultConfigurationName = Release;
		};
		315909441FBE3C6900474A1D /* Build configuration list for PBXNativeTarget "Ambasity V1" */ = {
			isa = XCConfigurationList;
			buildConfigurations = (
				315909451FBE3C6900474A1D /* Debug */,
				315909461FBE3C6900474A1D /* Release */,
			);
			defaultConfigurationIsVisible = 0;
			defaultConfigurationName = Release;
		};
		315909471FBE3C6900474A1D /* Build configuration list for PBXNativeTarget "Ambasity V1Tests" */ = {
			isa = XCConfigurationList;
			buildConfigurations = (
				315909481FBE3C6900474A1D /* Debug */,
				315909491FBE3C6900474A1D /* Release */,
			);
			defaultConfigurationIsVisible = 0;
			defaultConfigurationName = Release;
		};
		3159094A1FBE3C6900474A1D /* Build configuration list for PBXNativeTarget "Ambasity V1UITests" */ = {
			isa = XCConfigurationList;
			buildConfigurations = (
				3159094B1FBE3C6900474A1D /* Debug */,
				3159094C1FBE3C6900474A1D /* Release */,
			);
			defaultConfigurationIsVisible = 0;
			defaultConfigurationName = Release;
		};
/* End XCConfigurationList section */

/* Begin XCVersionGroup section */
		31153DB81FD0BCB000B8B894 /* Ambasity_V1.xcdatamodeld */ = {
			isa = XCVersionGroup;
			children = (
				31153DB91FD0BCB000B8B894 /* Ambasity_V1.xcdatamodel */,
			);
			currentVersion = 31153DB91FD0BCB000B8B894 /* Ambasity_V1.xcdatamodel */;
			path = Ambasity_V1.xcdatamodeld;
			sourceTree = "<group>";
			versionGroupType = wrapper.xcdatamodel;
		};
/* End XCVersionGroup section */
	};
	rootObject = 315909141FBE3C6900474A1D /* Project object */;
}
